
Microsoft Visual Studio Solution File, Format Version 12.00
# Visual Studio Version 16
VisualStudioVersion = 16.0.31624.102
MinimumVisualStudioVersion = 10.0.40219.1
Project("{FAE04EC0-301F-11D3-BF4B-00C04F79EFBC}") = "Santa_Claus_Is_Coming_To_Town", "Santa_Claus_Is_Coming_To_Town\Santa_Claus_Is_Coming_To_Town.csproj", "{0366B558-0E06-4133-8232-490A96B94722}"
EndProject
Global
	GlobalSection(SolutionConfigurationPlatforms) = preSolution
		Debug|Any CPU = Debug|Any CPU
		Release|Any CPU = Release|Any CPU
	EndGlobalSection
	GlobalSection(ProjectConfigurationPlatforms) = postSolution
		{0366B558-0E06-4133-8232-490A96B94722}.Debug|Any CPU.ActiveCfg = Debug|Any CPU
		{0366B558-0E06-4133-8232-490A96B94722}.Debug|Any CPU.Build.0 = Debug|Any CPU
		{0366B558-0E06-4133-8232-490A96B94722}.Release|Any CPU.ActiveCfg = Release|Any CPU
		{0366B558-0E06-4133-8232-490A96B94722}.Release|Any CPU.Build.0 = Release|Any CPU
	EndGlobalSection
	GlobalSection(SolutionProperties) = preSolution
		HideSolutionNode = FALSE
	EndGlobalSection
	GlobalSection(ExtensibilityGlobals) = postSolution
		SolutionGuid = {42E3F6C6-24B8-4F38-9A7C-9BB44E2C3C89}
	EndGlobalSection
EndGlobal
